
Microsoft Visual Studio Solution File, Format Version 12.00
# Visual Studio Version 17
VisualStudioVersion = 17.1.32210.238
MinimumVisualStudioVersion = 10.0.40219.1
Project("{FAE04EC0-301F-11D3-BF4B-00C04F79EFBC}") = "DriveClient.UWP", "DriveClient.UWP\DriveClient.UWP.csproj", "{8C78BB5B-8002-4CC4-AE59-C0136DB9A41E}"
EndProject
Project("{FAE04EC0-301F-11D3-BF4B-00C04F79EFBC}") = "DriveClient.Android", "DriveClient.Android\DriveClient.Android.csproj", "{C1E9BC9D-1CCE-4D82-A0F6-228934273BDE}"
EndProject
Project("{FAE04EC0-301F-11D3-BF4B-00C04F79EFBC}") = "DriveClient.iOS", "DriveClient.iOS\DriveClient.iOS.csproj", "{1158541C-01FD-49F5-A44B-D5D1D8B8C93C}"
EndProject
Project("{FAE04EC0-301F-11D3-BF4B-00C04F79EFBC}") = "DriveClient", "DriveClient\DriveClient.csproj", "{D8C84F4A-7E96-43AE-AF31-4D5A28B99710}"
EndProject
Global
	GlobalSection(SolutionConfigurationPlatforms) = preSolution
		Debug|Any CPU = Debug|Any CPU
		Debug|ARM = Debug|ARM
		Debug|iPhone = Debug|iPhone
		Debug|iPhoneSimulator = Debug|iPhoneSimulator
		Debug|x64 = Debug|x64
		Debug|x86 = Debug|x86
		Release|Any CPU = Release|Any CPU
		Release|ARM = Release|ARM
		Release|iPhone = Release|iPhone
		Release|iPhoneSimulator = Release|iPhoneSimulator
		Release|x64 = Release|x64
		Release|x86 = Release|x86
	EndGlobalSection
	GlobalSection(ProjectConfigurationPlatforms) = postSolution
		{8C78BB5B-8002-4CC4-AE59-C0136DB9A41E}.Debug|Any CPU.ActiveCfg = Debug|x64
		{8C78BB5B-8002-4CC4-AE59-C0136DB9A41E}.Debug|Any CPU.Build.0 = Debug|x64
		{8C78BB5B-8002-4CC4-AE59-C0136DB9A41E}.Debug|Any CPU.Deploy.0 = Debug|x64
		{8C78BB5B-8002-4CC4-AE59-C0136DB9A41E}.Debug|ARM.ActiveCfg = Debug|ARM
		{8C78BB5B-8002-4CC4-AE59-C0136DB9A41E}.Debug|ARM.Build.0 = Debug|ARM
		{8C78BB5B-8002-4CC4-AE59-C0136DB9A41E}.Debug|ARM.Deploy.0 = Debug|ARM
		{8C78BB5B-8002-4CC4-AE59-C0136DB9A41E}.Debug|iPhone.ActiveCfg = Debug|x64
		{8C78BB5B-8002-4CC4-AE59-C0136DB9A41E}.Debug|iPhone.Build.0 = Debug|x64
		{8C78BB5B-8002-4CC4-AE59-C0136DB9A41E}.Debug|iPhone.Deploy.0 = Debug|x64
		{8C78BB5B-8002-4CC4-AE59-C0136DB9A41E}.Debug|iPhoneSimulator.ActiveCfg = Debug|x64
		{8C78BB5B-8002-4CC4-AE59-C0136DB9A41E}.Debug|iPhoneSimulator.Build.0 = Debug|x64
		{8C78BB5B-8002-4CC4-AE59-C0136DB9A41E}.Debug|iPhoneSimulator.Deploy.0 = Debug|x64
		{8C78BB5B-8002-4CC4-AE59-C0136DB9A41E}.Debug|x64.ActiveCfg = Debug|x64
		{8C78BB5B-8002-4CC4-AE59-C0136DB9A41E}.Debug|x64.Build.0 = Debug|x64
		{8C78BB5B-8002-4CC4-AE59-C0136DB9A41E}.Debug|x64.Deploy.0 = Debug|x64
		{8C78BB5B-8002-4CC4-AE59-C0136DB9A41E}.Debug|x86.ActiveCfg = Debug|x86
		{8C78BB5B-8002-4CC4-AE59-C0136DB9A41E}.Debug|x86.Build.0 = Debug|x86
		{8C78BB5B-8002-4CC4-AE59-C0136DB9A41E}.Debug|x86.Deploy.0 = Debug|x86
		{8C78BB5B-8002-4CC4-AE59-C0136DB9A41E}.Release|Any CPU.ActiveCfg = Release|x64
		{8C78BB5B-8002-4CC4-AE59-C0136DB9A41E}.Release|Any CPU.Build.0 = Release|x64
		{8C78BB5B-8002-4CC4-AE59-C0136DB9A41E}.Release|Any CPU.Deploy.0 = Release|x64
		{8C78BB5B-8002-4CC4-AE59-C0136DB9A41E}.Release|ARM.ActiveCfg = Release|ARM
		{8C78BB5B-8002-4CC4-AE59-C0136DB9A41E}.Release|ARM.Build.0 = Release|ARM
		{8C78BB5B-8002-4CC4-AE59-C0136DB9A41E}.Release|ARM.Deploy.0 = Release|ARM
		{8C78BB5B-8002-4CC4-AE59-C0136DB9A41E}.Release|iPhone.ActiveCfg = Release|x64
		{8C78BB5B-8002-4CC4-AE59-C0136DB9A41E}.Release|iPhone.Build.0 = Release|x64
		{8C78BB5B-8002-4CC4-AE59-C0136DB9A41E}.Release|iPhone.Deploy.0 = Release|x64
		{8C78BB5B-8002-4CC4-AE59-C0136DB9A41E}.Release|iPhoneSimulator.ActiveCfg = Release|x64
		{8C78BB5B-8002-4CC4-AE59-C0136DB9A41E}.Release|iPhoneSimulator.Build.0 = Release|x64
		{8C78BB5B-8002-4CC4-AE59-C0136DB9A41E}.Release|iPhoneSimulator.Deploy.0 = Release|x64
		{8C78BB5B-8002-4CC4-AE59-C0136DB9A41E}.Release|x64.ActiveCfg = Release|x64
		{8C78BB5B-8002-4CC4-AE59-C0136DB9A41E}.Release|x64.Build.0 = Release|x64
		{8C78BB5B-8002-4CC4-AE59-C0136DB9A41E}.Release|x64.Deploy.0 = Release|x64
		{8C78BB5B-8002-4CC4-AE59-C0136DB9A41E}.Release|x86.ActiveCfg = Release|x86
		{8C78BB5B-8002-4CC4-AE59-C0136DB9A41E}.Release|x86.Build.0 = Release|x86
		{8C78BB5B-8002-4CC4-AE59-C0136DB9A41E}.Release|x86.Deploy.0 = Release|x86
		{C1E9BC9D-1CCE-4D82-A0F6-228934273BDE}.Debug|Any CPU.ActiveCfg = Debug|Any CPU
		{C1E9BC9D-1CCE-4D82-A0F6-228934273BDE}.Debug|Any CPU.Build.0 = Debug|Any CPU
		{C1E9BC9D-1CCE-4D82-A0F6-228934273BDE}.Debug|Any CPU.Deploy.0 = Debug|Any CPU
		{C1E9BC9D-1CCE-4D82-A0F6-228934273BDE}.Debug|ARM.ActiveCfg = Debug|Any CPU
		{C1E9BC9D-1CCE-4D82-A0F6-228934273BDE}.Debug|ARM.Build.0 = Debug|Any CPU
		{C1E9BC9D-1CCE-4D82-A0F6-228934273BDE}.Debug|ARM.Deploy.0 = Debug|Any CPU
		{C1E9BC9D-1CCE-4D82-A0F6-228934273BDE}.Debug|iPhone.ActiveCfg = Debug|Any CPU
		{C1E9BC9D-1CCE-4D82-A0F6-228934273BDE}.Debug|iPhone.Build.0 = Debug|Any CPU
		{C1E9BC9D-1CCE-4D82-A0F6-228934273BDE}.Debug|iPhone.Deploy.0 = Debug|Any CPU
		{C1E9BC9D-1CCE-4D82-A0F6-228934273BDE}.Debug|iPhoneSimulator.ActiveCfg = Debug|Any CPU
		{C1E9BC9D-1CCE-4D82-A0F6-228934273BDE}.Debug|iPhoneSimulator.Build.0 = Debug|Any CPU
		{C1E9BC9D-1CCE-4D82-A0F6-228934273BDE}.Debug|iPhoneSimulator.Deploy.0 = Debug|Any CPU
		{C1E9BC9D-1CCE-4D82-A0F6-228934273BDE}.Debug|x64.ActiveCfg = Debug|Any CPU
		{C1E9BC9D-1CCE-4D82-A0F6-228934273BDE}.Debug|x64.Build.0 = Debug|Any CPU
		{C1E9BC9D-1CCE-4D82-A0F6-228934273BDE}.Debug|x64.Deploy.0 = Debug|Any CPU
		{C1E9BC9D-1CCE-4D82-A0F6-228934273BDE}.Debug|x86.ActiveCfg = Debug|Any CPU
		{C1E9BC9D-1CCE-4D82-A0F6-228934273BDE}.Debug|x86.Build.0 = Debug|Any CPU
		{C1E9BC9D-1CCE-4D82-A0F6-228934273BDE}.Debug|x86.Deploy.0 = Debug|Any CPU
		{C1E9BC9D-1CCE-4D82-A0F6-228934273BDE}.Release|Any CPU.ActiveCfg = Release|Any CPU
		{C1E9BC9D-1CCE-4D82-A0F6-228934273BDE}.Release|Any CPU.Build.0 = Release|Any CPU
		{C1E9BC9D-1CCE-4D82-A0F6-228934273BDE}.Release|Any CPU.Deploy.0 = Release|Any CPU
		{C1E9BC9D-1CCE-4D82-A0F6-228934273BDE}.Release|ARM.ActiveCfg = Release|Any CPU
		{C1E9BC9D-1CCE-4D82-A0F6-228934273BDE}.Release|ARM.Build.0 = Release|Any CPU
		{C1E9BC9D-1CCE-4D82-A0F6-228934273BDE}.Release|ARM.Deploy.0 = Release|Any CPU
		{C1E9BC9D-1CCE-4D82-A0F6-228934273BDE}.Release|iPhone.ActiveCfg = Release|Any CPU
		{C1E9BC9D-1CCE-4D82-A0F6-228934273BDE}.Release|iPhone.Build.0 = Release|Any CPU
		{C1E9BC9D-1CCE-4D82-A0F6-228934273BDE}.Release|iPhone.Deploy.0 = Release|Any CPU
		{C1E9BC9D-1CCE-4D82-A0F6-228934273BDE}.Release|iPhoneSimulator.ActiveCfg = Release|Any CPU
		{C1E9BC9D-1CCE-4D82-A0F6-228934273BDE}.Release|iPhoneSimulator.Build.0 = Release|Any CPU
		{C1E9BC9D-1CCE-4D82-A0F6-228934273BDE}.Release|iPhoneSimulator.Deploy.0 = Release|Any CPU
		{C1E9BC9D-1CCE-4D82-A0F6-228934273BDE}.Release|x64.ActiveCfg = Release|Any CPU
		{C1E9BC9D-1CCE-4D82-A0F6-228934273BDE}.Release|x64.Build.0 = Release|Any CPU
		{C1E9BC9D-1CCE-4D82-A0F6-228934273BDE}.Release|x64.Deploy.0 = Release|Any CPU
		{C1E9BC9D-1CCE-4D82-A0F6-228934273BDE}.Release|x86.ActiveCfg = Release|Any CPU
		{C1E9BC9D-1CCE-4D82-A0F6-228934273BDE}.Release|x86.Build.0 = Release|Any CPU
		{C1E9BC9D-1CCE-4D82-A0F6-228934273BDE}.Release|x86.Deploy.0 = Release|Any CPU
		{1158541C-01FD-49F5-A44B-D5D1D8B8C93C}.Debug|Any CPU.ActiveCfg = Debug|iPhoneSimulator
		{1158541C-01FD-49F5-A44B-D5D1D8B8C93C}.Debug|Any CPU.Build.0 = Debug|iPhoneSimulator
		{1158541C-01FD-49F5-A44B-D5D1D8B8C93C}.Debug|Any CPU.Deploy.0 = Debug|iPhoneSimulator
		{1158541C-01FD-49F5-A44B-D5D1D8B8C93C}.Debug|ARM.ActiveCfg = Debug|iPhoneSimulator
		{1158541C-01FD-49F5-A44B-D5D1D8B8C93C}.Debug|ARM.Build.0 = Debug|iPhoneSimulator
		{1158541C-01FD-49F5-A44B-D5D1D8B8C93C}.Debug|ARM.Deploy.0 = Debug|iPhoneSimulator
		{1158541C-01FD-49F5-A44B-D5D1D8B8C93C}.Debug|iPhone.ActiveCfg = Debug|iPhone
		{1158541C-01FD-49F5-A44B-D5D1D8B8C93C}.Debug|iPhone.Build.0 = Debug|iPhone
		{1158541C-01FD-49F5-A44B-D5D1D8B8C93C}.Debug|iPhone.Deploy.0 = Debug|iPhone
		{1158541C-01FD-49F5-A44B-D5D1D8B8C93C}.Debug|iPhoneSimulator.ActiveCfg = Debug|iPhoneSimulator
		{1158541C-01FD-49F5-A44B-D5D1D8B8C93C}.Debug|iPhoneSimulator.Build.0 = Debug|iPhoneSimulator
		{1158541C-01FD-49F5-A44B-D5D1D8B8C93C}.Debug|iPhoneSimulator.Deploy.0 = Debug|iPhoneSimulator
		{1158541C-01FD-49F5-A44B-D5D1D8B8C93C}.Debug|x64.ActiveCfg = Debug|iPhone
		{1158541C-01FD-49F5-A44B-D5D1D8B8C93C}.Debug|x64.Build.0 = Debug|iPhone
		{1158541C-01FD-49F5-A44B-D5D1D8B8C93C}.Debug|x64.Deploy.0 = Debug|iPhone
		{1158541C-01FD-49F5-A44B-D5D1D8B8C93C}.Debug|x86.ActiveCfg = Debug|iPhoneSimulator
		{1158541C-01FD-49F5-A44B-D5D1D8B8C93C}.Debug|x86.Build.0 = Debug|iPhoneSimulator
		{1158541C-01FD-49F5-A44B-D5D1D8B8C93C}.Debug|x86.Deploy.0 = Debug|iPhoneSimulator
		{1158541C-01FD-49F5-A44B-D5D1D8B8C93C}.Release|Any CPU.ActiveCfg = Release|iPhoneSimulator
		{1158541C-01FD-49F5-A44B-D5D1D8B8C93C}.Release|Any CPU.Build.0 = Release|iPhoneSimulator
		{1158541C-01FD-49F5-A44B-D5D1D8B8C93C}.Release|Any CPU.Deploy.0 = Release|iPhoneSimulator
		{1158541C-01FD-49F5-A44B-D5D1D8B8C93C}.Release|ARM.ActiveCfg = Release|iPhoneSimulator
		{1158541C-01FD-49F5-A44B-D5D1D8B8C93C}.Release|ARM.Build.0 = Release|iPhoneSimulator
		{1158541C-01FD-49F5-A44B-D5D1D8B8C93C}.Release|ARM.Deploy.0 = Release|iPhoneSimulator
		{1158541C-01FD-49F5-A44B-D5D1D8B8C93C}.Release|iPhone.ActiveCfg = Release|iPhone
		{1158541C-01FD-49F5-A44B-D5D1D8B8C93C}.Release|iPhone.Build.0 = Release|iPhone
		{1158541C-01FD-49F5-A44B-D5D1D8B8C93C}.Release|iPhone.Deploy.0 = Release|iPhone
		{1158541C-01FD-49F5-A44B-D5D1D8B8C93C}.Release|iPhoneSimulator.ActiveCfg = Release|iPhoneSimulator
		{1158541C-01FD-49F5-A44B-D5D1D8B8C93C}.Release|iPhoneSimulator.Build.0 = Release|iPhoneSimulator
		{1158541C-01FD-49F5-A44B-D5D1D8B8C93C}.Release|iPhoneSimulator.Deploy.0 = Release|iPhoneSimulator
		{1158541C-01FD-49F5-A44B-D5D1D8B8C93C}.Release|x64.ActiveCfg = Release|iPhoneSimulator
		{1158541C-01FD-49F5-A44B-D5D1D8B8C93C}.Release|x64.Build.0 = Release|iPhoneSimulator
		{1158541C-01FD-49F5-A44B-D5D1D8B8C93C}.Release|x64.Deploy.0 = Release|iPhoneSimulator
		{1158541C-01FD-49F5-A44B-D5D1D8B8C93C}.Release|x86.ActiveCfg = Release|iPhoneSimulator
		{1158541C-01FD-49F5-A44B-D5D1D8B8C93C}.Release|x86.Build.0 = Release|iPhoneSimulator
		{1158541C-01FD-49F5-A44B-D5D1D8B8C93C}.Release|x86.Deploy.0 = Release|iPhoneSimulator
		{D8C84F4A-7E96-43AE-AF31-4D5A28B99710}.Debug|Any CPU.ActiveCfg = Debug|Any CPU
		{D8C84F4A-7E96-43AE-AF31-4D5A28B99710}.Debug|Any CPU.Build.0 = Debug|Any CPU
		{D8C84F4A-7E96-43AE-AF31-4D5A28B99710}.Debug|Any CPU.Deploy.0 = Debug|Any CPU
		{D8C84F4A-7E96-43AE-AF31-4D5A28B99710}.Debug|ARM.ActiveCfg = Debug|Any CPU
		{D8C84F4A-7E96-43AE-AF31-4D5A28B99710}.Debug|ARM.Build.0 = Debug|Any CPU
		{D8C84F4A-7E96-43AE-AF31-4D5A28B99710}.Debug|ARM.Deploy.0 = Debug|Any CPU
		{D8C84F4A-7E96-43AE-AF31-4D5A28B99710}.Debug|iPhone.ActiveCfg = Debug|Any CPU
		{D8C84F4A-7E96-43AE-AF31-4D5A28B99710}.Debug|iPhone.Build.0 = Debug|Any CPU
		{D8C84F4A-7E96-43AE-AF31-4D5A28B99710}.Debug|iPhone.Deploy.0 = Debug|Any CPU
		{D8C84F4A-7E96-43AE-AF31-4D5A28B99710}.Debug|iPhoneSimulator.ActiveCfg = Debug|Any CPU
		{D8C84F4A-7E96-43AE-AF31-4D5A28B99710}.Debug|iPhoneSimulator.Build.0 = Debug|Any CPU
		{D8C84F4A-7E96-43AE-AF31-4D5A28B99710}.Debug|iPhoneSimulator.Deploy.0 = Debug|Any CPU
		{D8C84F4A-7E96-43AE-AF31-4D5A28B99710}.Debug|x64.ActiveCfg = Debug|Any CPU
		{D8C84F4A-7E96-43AE-AF31-4D5A28B99710}.Debug|x64.Build.0 = Debug|Any CPU
		{D8C84F4A-7E96-43AE-AF31-4D5A28B99710}.Debug|x64.Deploy.0 = Debug|Any CPU
		{D8C84F4A-7E96-43AE-AF31-4D5A28B99710}.Debug|x86.ActiveCfg = Debug|Any CPU
		{D8C84F4A-7E96-43AE-AF31-4D5A28B99710}.Debug|x86.Build.0 = Debug|Any CPU
		{D8C84F4A-7E96-43AE-AF31-4D5A28B99710}.Debug|x86.Deploy.0 = Debug|Any CPU
		{D8C84F4A-7E96-43AE-AF31-4D5A28B99710}.Release|Any CPU.ActiveCfg = Release|Any CPU
		{D8C84F4A-7E96-43AE-AF31-4D5A28B99710}.Release|Any CPU.Build.0 = Release|Any CPU
		{D8C84F4A-7E96-43AE-AF31-4D5A28B99710}.Release|Any CPU.Deploy.0 = Release|Any CPU
		{D8C84F4A-7E96-43AE-AF31-4D5A28B99710}.Release|ARM.ActiveCfg = Release|Any CPU
		{D8C84F4A-7E96-43AE-AF31-4D5A28B99710}.Release|ARM.Build.0 = Release|Any CPU
		{D8C84F4A-7E96-43AE-AF31-4D5A28B99710}.Release|ARM.Deploy.0 = Release|Any CPU
		{D8C84F4A-7E96-43AE-AF31-4D5A28B99710}.Release|iPhone.ActiveCfg = Release|Any CPU
		{D8C84F4A-7E96-43AE-AF31-4D5A28B99710}.Release|iPhone.Build.0 = Release|Any CPU
		{D8C84F4A-7E96-43AE-AF31-4D5A28B99710}.Release|iPhone.Deploy.0 = Release|Any CPU
		{D8C84F4A-7E96-43AE-AF31-4D5A28B99710}.Release|iPhoneSimulator.ActiveCfg = Release|Any CPU
		{D8C84F4A-7E96-43AE-AF31-4D5A28B99710}.Release|iPhoneSimulator.Build.0 = Release|Any CPU
		{D8C84F4A-7E96-43AE-AF31-4D5A28B99710}.Release|iPhoneSimulator.Deploy.0 = Release|Any CPU
		{D8C84F4A-7E96-43AE-AF31-4D5A28B99710}.Release|x64.ActiveCfg = Release|Any CPU
		{D8C84F4A-7E96-43AE-AF31-4D5A28B99710}.Release|x64.Build.0 = Release|Any CPU
		{D8C84F4A-7E96-43AE-AF31-4D5A28B99710}.Release|x64.Deploy.0 = Release|Any CPU
		{D8C84F4A-7E96-43AE-AF31-4D5A28B99710}.Release|x86.ActiveCfg = Release|Any CPU
		{D8C84F4A-7E96-43AE-AF31-4D5A28B99710}.Release|x86.Build.0 = Release|Any CPU
		{D8C84F4A-7E96-43AE-AF31-4D5A28B99710}.Release|x86.Deploy.0 = Release|Any CPU
	EndGlobalSection
	GlobalSection(SolutionProperties) = preSolution
		HideSolutionNode = FALSE
	EndGlobalSection
	GlobalSection(ExtensibilityGlobals) = postSolution
		SolutionGuid = {8365A9A7-4273-47DB-A7BC-2CDD2A401AB1}
	EndGlobalSection
EndGlobal
